
Microsoft Visual Studio Solution File, Format Version 12.00
# Visual Studio Version 17
VisualStudioVersion = 17.10.35013.160
MinimumVisualStudioVersion = 10.0.40219.1
Project("{FAE04EC0-301F-11D3-BF4B-00C04F79EFBC}") = "MyFirstApp", "MyFirstApp\MyFirstApp.csproj", "{96999B97-1A23-430F-8CA6-505D4B2EA1E2}"
EndProject
Global
	GlobalSection(SolutionConfigurationPlatforms) = preSolution
		Debug|Any CPU = Debug|Any CPU
		Release|Any CPU = Release|Any CPU
	EndGlobalSection
	GlobalSection(ProjectConfigurationPlatforms) = postSolution
		{96999B97-1A23-430F-8CA6-505D4B2EA1E2}.Debug|Any CPU.ActiveCfg = Debug|Any CPU
		{96999B97-1A23-430F-8CA6-505D4B2EA1E2}.Debug|Any CPU.Build.0 = Debug|Any CPU
		{96999B97-1A23-430F-8CA6-505D4B2EA1E2}.Release|Any CPU.ActiveCfg = Release|Any CPU
		{96999B97-1A23-430F-8CA6-505D4B2EA1E2}.Release|Any CPU.Build.0 = Release|Any CPU
	EndGlobalSection
	GlobalSection(SolutionProperties) = preSolution
		HideSolutionNode = FALSE
	EndGlobalSection
	GlobalSection(ExtensibilityGlobals) = postSolution
		SolutionGuid = {4A2FD9D4-DB0A-4FFC-81C7-277CDF85AA5F}
	EndGlobalSection
EndGlobal
