
Microsoft Visual Studio Solution File, Format Version 12.00
# Visual Studio Version 17
VisualStudioVersion = 17.10.35013.160
MinimumVisualStudioVersion = 10.0.40219.1
Project("{FAE04EC0-301F-11D3-BF4B-00C04F79EFBC}") = "Middleware", "Middleware\Middleware.csproj", "{700C0B8B-6B78-401E-849F-A15651B9A3B0}"
EndProject
Global
	GlobalSection(SolutionConfigurationPlatforms) = preSolution
		Debug|Any CPU = Debug|Any CPU
		Release|Any CPU = Release|Any CPU
	EndGlobalSection
	GlobalSection(ProjectConfigurationPlatforms) = postSolution
		{700C0B8B-6B78-401E-849F-A15651B9A3B0}.Debug|Any CPU.ActiveCfg = Debug|Any CPU
		{700C0B8B-6B78-401E-849F-A15651B9A3B0}.Debug|Any CPU.Build.0 = Debug|Any CPU
		{700C0B8B-6B78-401E-849F-A15651B9A3B0}.Release|Any CPU.ActiveCfg = Release|Any CPU
		{700C0B8B-6B78-401E-849F-A15651B9A3B0}.Release|Any CPU.Build.0 = Release|Any CPU
	EndGlobalSection
	GlobalSection(SolutionProperties) = preSolution
		HideSolutionNode = FALSE
	EndGlobalSection
	GlobalSection(ExtensibilityGlobals) = postSolution
		SolutionGuid = {EBAC1612-DAA2-4401-89A1-CF7621BDDEC1}
	EndGlobalSection
EndGlobal
